// !$*UTF8*$!
{
	archiveVersion = 1;
	classes = {
	};
	objectVersion = 56;
	objects = {

/* Begin PBXBuildFile section */
		F0254B3328C9F6CD000CC334 /* HTTPClientDEV.swift in Sources */ = {isa = PBXBuildFile; fileRef = F0254B3128C9F6C8000CC334 /* HTTPClientDEV.swift */; };
		F0254B5B28C9F9D5000CC334 /* PokedexModel.framework in Frameworks */ = {isa = PBXBuildFile; fileRef = F0254B5A28C9F9D5000CC334 /* PokedexModel.framework */; };
		F0254B5C28C9F9D5000CC334 /* PokedexModel.framework in Embed Frameworks */ = {isa = PBXBuildFile; fileRef = F0254B5A28C9F9D5000CC334 /* PokedexModel.framework */; settings = {ATTRIBUTES = (CodeSignOnCopy, RemoveHeadersOnCopy, ); }; };
		F0254B5F28C9F9DB000CC334 /* PokedexModel.framework in Frameworks */ = {isa = PBXBuildFile; fileRef = F0254B5E28C9F9DB000CC334 /* PokedexModel.framework */; };
		F0254B6028C9F9DB000CC334 /* PokedexModel.framework in Embed Frameworks */ = {isa = PBXBuildFile; fileRef = F0254B5E28C9F9DB000CC334 /* PokedexModel.framework */; settings = {ATTRIBUTES = (CodeSignOnCopy, RemoveHeadersOnCopy, ); }; };
		F071E14828C9F46700E27A74 /* PokedexAPI.h in Headers */ = {isa = PBXBuildFile; fileRef = F0A19A2428C8972200C516B4 /* PokedexAPI.h */; settings = {ATTRIBUTES = (Public, ); }; };
		F071E14C28C9F46700E27A74 /* PokemonList.swift in Sources */ = {isa = PBXBuildFile; fileRef = F0A19A3728C897DE00C516B4 /* PokemonList.swift */; };
		F071E14E28C9F46700E27A74 /* Query.swift in Sources */ = {isa = PBXBuildFile; fileRef = F0A19A3428C897DE00C516B4 /* Query.swift */; };
		F071E14F28C9F46700E27A74 /* PokedexAPI.docc in Sources */ = {isa = PBXBuildFile; fileRef = F0A19A2528C8972200C516B4 /* PokedexAPI.docc */; };
		F071E15328C9F46700E27A74 /* PokemonList.query in Resources */ = {isa = PBXBuildFile; fileRef = F0A19A3628C897DE00C516B4 /* PokemonList.query */; };
		F071E15428C9F46700E27A74 /* PokemonList.mock in Resources */ = {isa = PBXBuildFile; fileRef = F0A19A3528C897DE00C516B4 /* PokemonList.mock */; };
		F0A19A2628C8972200C516B4 /* PokedexAPI.docc in Sources */ = {isa = PBXBuildFile; fileRef = F0A19A2528C8972200C516B4 /* PokedexAPI.docc */; };
		F0A19A2728C8972200C516B4 /* PokedexAPI.h in Headers */ = {isa = PBXBuildFile; fileRef = F0A19A2428C8972200C516B4 /* PokedexAPI.h */; settings = {ATTRIBUTES = (Public, ); }; };
		F0A19A4328C8998B00C516B4 /* Alamofire in Frameworks */ = {isa = PBXBuildFile; productRef = F0A19A4228C8998B00C516B4 /* Alamofire */; };
		F0A19A4428C89B7D00C516B4 /* HTTPClient.swift in Sources */ = {isa = PBXBuildFile; fileRef = F0A19A3228C897C400C516B4 /* HTTPClient.swift */; };
		F0A19A4528C89B8F00C516B4 /* Query.swift in Sources */ = {isa = PBXBuildFile; fileRef = F0A19A3428C897DE00C516B4 /* Query.swift */; };
		F0A19A4628C89B9400C516B4 /* PokemonList.swift in Sources */ = {isa = PBXBuildFile; fileRef = F0A19A3728C897DE00C516B4 /* PokemonList.swift */; };
		F0A19A4728C89B9400C516B4 /* PokemonList.query in Resources */ = {isa = PBXBuildFile; fileRef = F0A19A3628C897DE00C516B4 /* PokemonList.query */; };
		F0A19A4828C89B9400C516B4 /* PokemonList.mock in Resources */ = {isa = PBXBuildFile; fileRef = F0A19A3528C897DE00C516B4 /* PokemonList.mock */; };
		F0EF3D8628DC6626002C28CA /* TypeChart.swift in Sources */ = {isa = PBXBuildFile; fileRef = F0EF3D8528DC6626002C28CA /* TypeChart.swift */; };
		F0EF3D8B28DC69A8002C28CA /* TypeList.swift in Sources */ = {isa = PBXBuildFile; fileRef = F0EF3D8A28DC69A8002C28CA /* TypeList.swift */; };
		F0EF3D8D28DC6B4A002C28CA /* TypeChart.query in Resources */ = {isa = PBXBuildFile; fileRef = F0EF3D8C28DC6B4A002C28CA /* TypeChart.query */; };
		F0EF3D8E28DC6B4A002C28CA /* TypeChart.query in Resources */ = {isa = PBXBuildFile; fileRef = F0EF3D8C28DC6B4A002C28CA /* TypeChart.query */; };
		F0EF3D9028DC6B64002C28CA /* TypeChart.mock in Resources */ = {isa = PBXBuildFile; fileRef = F0EF3D8F28DC6B64002C28CA /* TypeChart.mock */; };
		F0EF3D9128DC6B64002C28CA /* TypeChart.mock in Resources */ = {isa = PBXBuildFile; fileRef = F0EF3D8F28DC6B64002C28CA /* TypeChart.mock */; };
		F0EF3D9328DC6B88002C28CA /* TypeList.mock in Resources */ = {isa = PBXBuildFile; fileRef = F0EF3D9228DC6B88002C28CA /* TypeList.mock */; };
		F0EF3D9428DC6B88002C28CA /* TypeList.mock in Resources */ = {isa = PBXBuildFile; fileRef = F0EF3D9228DC6B88002C28CA /* TypeList.mock */; };
		F0EF3D9628DC6B90002C28CA /* TypeList.query in Resources */ = {isa = PBXBuildFile; fileRef = F0EF3D9528DC6B90002C28CA /* TypeList.query */; };
		F0EF3D9728DC6B90002C28CA /* TypeList.query in Resources */ = {isa = PBXBuildFile; fileRef = F0EF3D9528DC6B90002C28CA /* TypeList.query */; };
		F0EF3D9828DC6D23002C28CA /* TypeList.swift in Sources */ = {isa = PBXBuildFile; fileRef = F0EF3D8A28DC69A8002C28CA /* TypeList.swift */; };
		F0EF3D9928DC6D2A002C28CA /* TypeChart.swift in Sources */ = {isa = PBXBuildFile; fileRef = F0EF3D8528DC6626002C28CA /* TypeChart.swift */; };
/* End PBXBuildFile section */

/* Begin PBXCopyFilesBuildPhase section */
		F0254B5D28C9F9D5000CC334 /* Embed Frameworks */ = {
			isa = PBXCopyFilesBuildPhase;
			buildActionMask = 2147483647;
			dstPath = "";
			dstSubfolderSpec = 10;
			files = (
				F0254B5C28C9F9D5000CC334 /* PokedexModel.framework in Embed Frameworks */,
			);
			name = "Embed Frameworks";
			runOnlyForDeploymentPostprocessing = 0;
		};
		F0254B6128C9F9DB000CC334 /* Embed Frameworks */ = {
			isa = PBXCopyFilesBuildPhase;
			buildActionMask = 2147483647;
			dstPath = "";
			dstSubfolderSpec = 10;
			files = (
				F0254B6028C9F9DB000CC334 /* PokedexModel.framework in Embed Frameworks */,
			);
			name = "Embed Frameworks";
			runOnlyForDeploymentPostprocessing = 0;
		};
/* End PBXCopyFilesBuildPhase section */

/* Begin PBXFileReference section */
		F0254B3128C9F6C8000CC334 /* HTTPClientDEV.swift */ = {isa = PBXFileReference; lastKnownFileType = sourcecode.swift; path = HTTPClientDEV.swift; sourceTree = "<group>"; };
		F0254B5A28C9F9D5000CC334 /* PokedexModel.framework */ = {isa = PBXFileReference; explicitFileType = wrapper.framework; path = PokedexModel.framework; sourceTree = BUILT_PRODUCTS_DIR; };
		F0254B5E28C9F9DB000CC334 /* PokedexModel.framework */ = {isa = PBXFileReference; explicitFileType = wrapper.framework; path = PokedexModel.framework; sourceTree = BUILT_PRODUCTS_DIR; };
		F071E15828C9F46700E27A74 /* PokedexAPI_DEV.framework */ = {isa = PBXFileReference; explicitFileType = wrapper.framework; includeInIndex = 0; path = PokedexAPI_DEV.framework; sourceTree = BUILT_PRODUCTS_DIR; };
		F0A19A2128C8972200C516B4 /* PokedexAPI.framework */ = {isa = PBXFileReference; explicitFileType = wrapper.framework; includeInIndex = 0; path = PokedexAPI.framework; sourceTree = BUILT_PRODUCTS_DIR; };
		F0A19A2428C8972200C516B4 /* PokedexAPI.h */ = {isa = PBXFileReference; lastKnownFileType = sourcecode.c.h; path = PokedexAPI.h; sourceTree = "<group>"; };
		F0A19A2528C8972200C516B4 /* PokedexAPI.docc */ = {isa = PBXFileReference; lastKnownFileType = folder.documentationcatalog; path = PokedexAPI.docc; sourceTree = "<group>"; };
		F0A19A3228C897C400C516B4 /* HTTPClient.swift */ = {isa = PBXFileReference; lastKnownFileType = sourcecode.swift; path = HTTPClient.swift; sourceTree = "<group>"; };
		F0A19A3428C897DE00C516B4 /* Query.swift */ = {isa = PBXFileReference; lastKnownFileType = sourcecode.swift; path = Query.swift; sourceTree = "<group>"; };
		F0A19A3528C897DE00C516B4 /* PokemonList.mock */ = {isa = PBXFileReference; fileEncoding = 4; lastKnownFileType = text; path = PokemonList.mock; sourceTree = "<group>"; };
		F0A19A3628C897DE00C516B4 /* PokemonList.query */ = {isa = PBXFileReference; fileEncoding = 4; lastKnownFileType = text; path = PokemonList.query; sourceTree = "<group>"; };
		F0A19A3728C897DE00C516B4 /* PokemonList.swift */ = {isa = PBXFileReference; lastKnownFileType = sourcecode.swift; path = PokemonList.swift; sourceTree = "<group>"; };
		F0EF3D8528DC6626002C28CA /* TypeChart.swift */ = {isa = PBXFileReference; lastKnownFileType = sourcecode.swift; path = TypeChart.swift; sourceTree = "<group>"; };
		F0EF3D8A28DC69A8002C28CA /* TypeList.swift */ = {isa = PBXFileReference; lastKnownFileType = sourcecode.swift; path = TypeList.swift; sourceTree = "<group>"; };
		F0EF3D8C28DC6B4A002C28CA /* TypeChart.query */ = {isa = PBXFileReference; lastKnownFileType = text; path = TypeChart.query; sourceTree = "<group>"; };
		F0EF3D8F28DC6B64002C28CA /* TypeChart.mock */ = {isa = PBXFileReference; lastKnownFileType = text; path = TypeChart.mock; sourceTree = "<group>"; };
		F0EF3D9228DC6B88002C28CA /* TypeList.mock */ = {isa = PBXFileReference; lastKnownFileType = text; path = TypeList.mock; sourceTree = "<group>"; };
		F0EF3D9528DC6B90002C28CA /* TypeList.query */ = {isa = PBXFileReference; lastKnownFileType = text; path = TypeList.query; sourceTree = "<group>"; };
/* End PBXFileReference section */

/* Begin PBXFrameworksBuildPhase section */
		F071E15028C9F46700E27A74 /* Frameworks */ = {
			isa = PBXFrameworksBuildPhase;
			buildActionMask = 2147483647;
			files = (
				F0254B5F28C9F9DB000CC334 /* PokedexModel.framework in Frameworks */,
			);
			runOnlyForDeploymentPostprocessing = 0;
		};
		F0A19A1E28C8972200C516B4 /* Frameworks */ = {
			isa = PBXFrameworksBuildPhase;
			buildActionMask = 2147483647;
			files = (
				F0A19A4328C8998B00C516B4 /* Alamofire in Frameworks */,
				F0254B5B28C9F9D5000CC334 /* PokedexModel.framework in Frameworks */,
			);
			runOnlyForDeploymentPostprocessing = 0;
		};
/* End PBXFrameworksBuildPhase section */

/* Begin PBXGroup section */
		F0254B5928C9F9D5000CC334 /* Frameworks */ = {
			isa = PBXGroup;
			children = (
				F0254B5E28C9F9DB000CC334 /* PokedexModel.framework */,
				F0254B5A28C9F9D5000CC334 /* PokedexModel.framework */,
			);
			name = Frameworks;
			sourceTree = "<group>";
		};
		F0A19A1728C8972200C516B4 = {
			isa = PBXGroup;
			children = (
				F0A19A2328C8972200C516B4 /* PokedexAPI */,
				F0A19A2228C8972200C516B4 /* Products */,
				F0254B5928C9F9D5000CC334 /* Frameworks */,
			);
			sourceTree = "<group>";
		};
		F0A19A2228C8972200C516B4 /* Products */ = {
			isa = PBXGroup;
			children = (
				F0A19A2128C8972200C516B4 /* PokedexAPI.framework */,
				F071E15828C9F46700E27A74 /* PokedexAPI_DEV.framework */,
			);
			name = Products;
			sourceTree = "<group>";
		};
		F0A19A2328C8972200C516B4 /* PokedexAPI */ = {
			isa = PBXGroup;
			children = (
				F0A19A3328C897C400C516B4 /* Networking */,
				F0A19A3928C897DE00C516B4 /* Query */,
				F0A19A2428C8972200C516B4 /* PokedexAPI.h */,
				F0A19A2528C8972200C516B4 /* PokedexAPI.docc */,
			);
			path = PokedexAPI;
			sourceTree = "<group>";
		};
		F0A19A3328C897C400C516B4 /* Networking */ = {
			isa = PBXGroup;
			children = (
				F0A19A3228C897C400C516B4 /* HTTPClient.swift */,
				F0254B3128C9F6C8000CC334 /* HTTPClientDEV.swift */,
			);
			path = Networking;
			sourceTree = "<group>";
		};
		F0A19A3828C897DE00C516B4 /* PokemonList */ = {
			isa = PBXGroup;
			children = (
				F0A19A3528C897DE00C516B4 /* PokemonList.mock */,
				F0A19A3628C897DE00C516B4 /* PokemonList.query */,
				F0A19A3728C897DE00C516B4 /* PokemonList.swift */,
			);
			path = PokemonList;
			sourceTree = "<group>";
		};
		F0A19A3928C897DE00C516B4 /* Query */ = {
			isa = PBXGroup;
			children = (
				F0A19A3428C897DE00C516B4 /* Query.swift */,
				F0EF3D8928DC698D002C28CA /* TypeList */,
				F0EF3D8428DC6128002C28CA /* TypeChart */,
				F0A19A3828C897DE00C516B4 /* PokemonList */,
			);
			path = Query;
			sourceTree = "<group>";
		};
		F0EF3D8428DC6128002C28CA /* TypeChart */ = {
			isa = PBXGroup;
			children = (
				F0EF3D8F28DC6B64002C28CA /* TypeChart.mock */,
				F0EF3D8C28DC6B4A002C28CA /* TypeChart.query */,
				F0EF3D8528DC6626002C28CA /* TypeChart.swift */,
			);
			path = TypeChart;
			sourceTree = "<group>";
		};
		F0EF3D8928DC698D002C28CA /* TypeList */ = {
			isa = PBXGroup;
			children = (
				F0EF3D9228DC6B88002C28CA /* TypeList.mock */,
				F0EF3D9528DC6B90002C28CA /* TypeList.query */,
				F0EF3D8A28DC69A8002C28CA /* TypeList.swift */,
			);
			path = TypeList;
			sourceTree = "<group>";
		};
/* End PBXGroup section */

/* Begin PBXHeadersBuildPhase section */
		F071E14728C9F46700E27A74 /* Headers */ = {
			isa = PBXHeadersBuildPhase;
			buildActionMask = 2147483647;
			files = (
				F071E14828C9F46700E27A74 /* PokedexAPI.h in Headers */,
			);
			runOnlyForDeploymentPostprocessing = 0;
		};
		F0A19A1C28C8972200C516B4 /* Headers */ = {
			isa = PBXHeadersBuildPhase;
			buildActionMask = 2147483647;
			files = (
				F0A19A2728C8972200C516B4 /* PokedexAPI.h in Headers */,
			);
			runOnlyForDeploymentPostprocessing = 0;
		};
/* End PBXHeadersBuildPhase section */

/* Begin PBXNativeTarget section */
		F071E14428C9F46700E27A74 /* PokedexAPI_DEV */ = {
			isa = PBXNativeTarget;
			buildConfigurationList = F071E15528C9F46700E27A74 /* Build configuration list for PBXNativeTarget "PokedexAPI_DEV" */;
			buildPhases = (
				F071E14728C9F46700E27A74 /* Headers */,
				F071E14928C9F46700E27A74 /* Sources */,
				F071E15028C9F46700E27A74 /* Frameworks */,
				F071E15228C9F46700E27A74 /* Resources */,
				F0254B6128C9F9DB000CC334 /* Embed Frameworks */,
			);
			buildRules = (
			);
			dependencies = (
			);
			name = PokedexAPI_DEV;
			packageProductDependencies = (
			);
			productName = PokedexAPI;
			productReference = F071E15828C9F46700E27A74 /* PokedexAPI_DEV.framework */;
			productType = "com.apple.product-type.framework";
		};
		F0A19A2028C8972200C516B4 /* PokedexAPI */ = {
			isa = PBXNativeTarget;
			buildConfigurationList = F0A19A2A28C8972200C516B4 /* Build configuration list for PBXNativeTarget "PokedexAPI" */;
			buildPhases = (
				F0A19A1C28C8972200C516B4 /* Headers */,
				F0A19A1D28C8972200C516B4 /* Sources */,
				F0A19A1E28C8972200C516B4 /* Frameworks */,
				F0A19A1F28C8972200C516B4 /* Resources */,
				F0254B5D28C9F9D5000CC334 /* Embed Frameworks */,
			);
			buildRules = (
			);
			dependencies = (
			);
			name = PokedexAPI;
			packageProductDependencies = (
				F0A19A4228C8998B00C516B4 /* Alamofire */,
			);
			productName = PokedexAPI;
			productReference = F0A19A2128C8972200C516B4 /* PokedexAPI.framework */;
			productType = "com.apple.product-type.framework";
		};
/* End PBXNativeTarget section */

/* Begin PBXProject section */
		F0A19A1828C8972200C516B4 /* Project object */ = {
			isa = PBXProject;
			attributes = {
				BuildIndependentTargetsInParallel = 1;
				LastUpgradeCheck = 1400;
				TargetAttributes = {
					F0A19A2028C8972200C516B4 = {
						CreatedOnToolsVersion = 14.0;
					};
				};
			};
			buildConfigurationList = F0A19A1B28C8972200C516B4 /* Build configuration list for PBXProject "PokedexAPI" */;
			compatibilityVersion = "Xcode 14.0";
			developmentRegion = en;
			hasScannedForEncodings = 0;
			knownRegions = (
				en,
				Base,
			);
			mainGroup = F0A19A1728C8972200C516B4;
			packageReferences = (
				F0A19A4128C8998B00C516B4 /* XCRemoteSwiftPackageReference "Alamofire" */,
			);
			productRefGroup = F0A19A2228C8972200C516B4 /* Products */;
			projectDirPath = "";
			projectRoot = "";
			targets = (
				F0A19A2028C8972200C516B4 /* PokedexAPI */,
				F071E14428C9F46700E27A74 /* PokedexAPI_DEV */,
			);
		};
/* End PBXProject section */

/* Begin PBXResourcesBuildPhase section */
		F071E15228C9F46700E27A74 /* Resources */ = {
			isa = PBXResourcesBuildPhase;
			buildActionMask = 2147483647;
			files = (
				F071E15328C9F46700E27A74 /* PokemonList.query in Resources */,
				F0EF3D8E28DC6B4A002C28CA /* TypeChart.query in Resources */,
				F0EF3D9728DC6B90002C28CA /* TypeList.query in Resources */,
				F0EF3D9128DC6B64002C28CA /* TypeChart.mock in Resources */,
				F0EF3D9428DC6B88002C28CA /* TypeList.mock in Resources */,
				F071E15428C9F46700E27A74 /* PokemonList.mock in Resources */,
			);
			runOnlyForDeploymentPostprocessing = 0;
		};
		F0A19A1F28C8972200C516B4 /* Resources */ = {
			isa = PBXResourcesBuildPhase;
			buildActionMask = 2147483647;
			files = (
				F0A19A4728C89B9400C516B4 /* PokemonList.query in Resources */,
				F0EF3D8D28DC6B4A002C28CA /* TypeChart.query in Resources */,
				F0EF3D9628DC6B90002C28CA /* TypeList.query in Resources */,
				F0EF3D9028DC6B64002C28CA /* TypeChart.mock in Resources */,
				F0EF3D9328DC6B88002C28CA /* TypeList.mock in Resources */,
				F0A19A4828C89B9400C516B4 /* PokemonList.mock in Resources */,
			);
			runOnlyForDeploymentPostprocessing = 0;
		};
/* End PBXResourcesBuildPhase section */

/* Begin PBXSourcesBuildPhase section */
		F071E14928C9F46700E27A74 /* Sources */ = {
			isa = PBXSourcesBuildPhase;
			buildActionMask = 2147483647;
			files = (
				F071E14C28C9F46700E27A74 /* PokemonList.swift in Sources */,
				F0254B3328C9F6CD000CC334 /* HTTPClientDEV.swift in Sources */,
				F071E14E28C9F46700E27A74 /* Query.swift in Sources */,
				F0EF3D9828DC6D23002C28CA /* TypeList.swift in Sources */,
				F0EF3D9928DC6D2A002C28CA /* TypeChart.swift in Sources */,
				F071E14F28C9F46700E27A74 /* PokedexAPI.docc in Sources */,
			);
			runOnlyForDeploymentPostprocessing = 0;
		};
		F0A19A1D28C8972200C516B4 /* Sources */ = {
			isa = PBXSourcesBuildPhase;
			buildActionMask = 2147483647;
			files = (
				F0A19A4428C89B7D00C516B4 /* HTTPClient.swift in Sources */,
				F0EF3D8628DC6626002C28CA /* TypeChart.swift in Sources */,
				F0A19A4628C89B9400C516B4 /* PokemonList.swift in Sources */,
				F0EF3D8B28DC69A8002C28CA /* TypeList.swift in Sources */,
				F0A19A4528C89B8F00C516B4 /* Query.swift in Sources */,
				F0A19A2628C8972200C516B4 /* PokedexAPI.docc in Sources */,
			);
			runOnlyForDeploymentPostprocessing = 0;
		};
/* End PBXSourcesBuildPhase section */

/* Begin XCBuildConfiguration section */
		F071E15628C9F46700E27A74 /* Debug */ = {
			isa = XCBuildConfiguration;
			buildSettings = {
				CODE_SIGN_STYLE = Automatic;
				CURRENT_PROJECT_VERSION = 1;
				DEFINES_MODULE = YES;
				DEVELOPMENT_TEAM = QK8F8FR6AB;
				DYLIB_COMPATIBILITY_VERSION = 1;
				DYLIB_CURRENT_VERSION = 1;
				DYLIB_INSTALL_NAME_BASE = "@rpath";
				GCC_PREPROCESSOR_DEFINITIONS = (
					"DEBUG=1",
					"$(inherited)",
				);
				GENERATE_INFOPLIST_FILE = YES;
				INFOPLIST_KEY_NSHumanReadableCopyright = "";
				INSTALL_PATH = "$(LOCAL_LIBRARY_DIR)/Frameworks";
				IPHONEOS_DEPLOYMENT_TARGET = 16.0;
				LD_RUNPATH_SEARCH_PATHS = (
					"@executable_path/Frameworks",
					"@loader_path/Frameworks",
				);
				"LD_RUNPATH_SEARCH_PATHS[sdk=macosx*]" = (
					"@executable_path/../Frameworks",
					"@loader_path/Frameworks",
				);
				MACOSX_DEPLOYMENT_TARGET = 12.5;
				MARKETING_VERSION = 1.0;
				PRODUCT_BUNDLE_IDENTIFIER = com.wanaldino.PokedexAPI;
				PRODUCT_NAME = "$(TARGET_NAME)";
				SDKROOT = auto;
				SKIP_INSTALL = YES;
				SUPPORTED_PLATFORMS = "iphoneos iphonesimulator macosx";
				SWIFT_EMIT_LOC_STRINGS = YES;
				SWIFT_VERSION = 5.0;
				TARGETED_DEVICE_FAMILY = "1,2";
			};
			name = Debug;
		};
		F071E15728C9F46700E27A74 /* Release */ = {
			isa = XCBuildConfiguration;
			buildSettings = {
				CODE_SIGN_STYLE = Automatic;
				CURRENT_PROJECT_VERSION = 1;
				DEFINES_MODULE = YES;
				DEVELOPMENT_TEAM = QK8F8FR6AB;
				DYLIB_COMPATIBILITY_VERSION = 1;
				DYLIB_CURRENT_VERSION = 1;
				DYLIB_INSTALL_NAME_BASE = "@rpath";
				GCC_PREPROCESSOR_DEFINITIONS = (
					"DEBUG=1",
					"$(inherited)",
				);
				GENERATE_INFOPLIST_FILE = YES;
				INFOPLIST_KEY_NSHumanReadableCopyright = "";
				INSTALL_PATH = "$(LOCAL_LIBRARY_DIR)/Frameworks";
				IPHONEOS_DEPLOYMENT_TARGET = 16.0;
				LD_RUNPATH_SEARCH_PATHS = (
					"@executable_path/Frameworks",
					"@loader_path/Frameworks",
				);
				"LD_RUNPATH_SEARCH_PATHS[sdk=macosx*]" = (
					"@executable_path/../Frameworks",
					"@loader_path/Frameworks",
				);
				MACOSX_DEPLOYMENT_TARGET = 12.5;
				MARKETING_VERSION = 1.0;
				PRODUCT_BUNDLE_IDENTIFIER = com.wanaldino.PokedexAPI;
				PRODUCT_NAME = "$(TARGET_NAME)";
				SDKROOT = auto;
				SKIP_INSTALL = YES;
				SUPPORTED_PLATFORMS = "iphoneos iphonesimulator macosx";
				SWIFT_EMIT_LOC_STRINGS = YES;
				SWIFT_VERSION = 5.0;
				TARGETED_DEVICE_FAMILY = "1,2";
			};
			name = Release;
		};
		F0A19A2828C8972200C516B4 /* Debug */ = {
			isa = XCBuildConfiguration;
			buildSettings = {
				ALWAYS_SEARCH_USER_PATHS = NO;
				CLANG_ANALYZER_NONNULL = YES;
				CLANG_ANALYZER_NUMBER_OBJECT_CONVERSION = YES_AGGRESSIVE;
				CLANG_CXX_LANGUAGE_STANDARD = "gnu++20";
				CLANG_ENABLE_MODULES = YES;
				CLANG_ENABLE_OBJC_ARC = YES;
				CLANG_ENABLE_OBJC_WEAK = YES;
				CLANG_WARN_BLOCK_CAPTURE_AUTORELEASING = YES;
				CLANG_WARN_BOOL_CONVERSION = YES;
				CLANG_WARN_COMMA = YES;
				CLANG_WARN_CONSTANT_CONVERSION = YES;
				CLANG_WARN_DEPRECATED_OBJC_IMPLEMENTATIONS = YES;
				CLANG_WARN_DIRECT_OBJC_ISA_USAGE = YES_ERROR;
				CLANG_WARN_DOCUMENTATION_COMMENTS = YES;
				CLANG_WARN_EMPTY_BODY = YES;
				CLANG_WARN_ENUM_CONVERSION = YES;
				CLANG_WARN_INFINITE_RECURSION = YES;
				CLANG_WARN_INT_CONVERSION = YES;
				CLANG_WARN_NON_LITERAL_NULL_CONVERSION = YES;
				CLANG_WARN_OBJC_IMPLICIT_RETAIN_SELF = YES;
				CLANG_WARN_OBJC_LITERAL_CONVERSION = YES;
				CLANG_WARN_OBJC_ROOT_CLASS = YES_ERROR;
				CLANG_WARN_QUOTED_INCLUDE_IN_FRAMEWORK_HEADER = YES;
				CLANG_WARN_RANGE_LOOP_ANALYSIS = YES;
				CLANG_WARN_STRICT_PROTOTYPES = YES;
				CLANG_WARN_SUSPICIOUS_MOVE = YES;
				CLANG_WARN_UNGUARDED_AVAILABILITY = YES_AGGRESSIVE;
				CLANG_WARN_UNREACHABLE_CODE = YES;
				CLANG_WARN__DUPLICATE_METHOD_MATCH = YES;
				COPY_PHASE_STRIP = NO;
				CURRENT_PROJECT_VERSION = 1;
				DEBUG_INFORMATION_FORMAT = dwarf;
				ENABLE_STRICT_OBJC_MSGSEND = YES;
				ENABLE_TESTABILITY = YES;
				GCC_C_LANGUAGE_STANDARD = gnu11;
				GCC_DYNAMIC_NO_PIC = NO;
				GCC_NO_COMMON_BLOCKS = YES;
				GCC_OPTIMIZATION_LEVEL = 0;
				GCC_PREPROCESSOR_DEFINITIONS = "$(inherited)";
				GCC_WARN_64_TO_32_BIT_CONVERSION = YES;
				GCC_WARN_ABOUT_RETURN_TYPE = YES_ERROR;
				GCC_WARN_UNDECLARED_SELECTOR = YES;
				GCC_WARN_UNINITIALIZED_AUTOS = YES_AGGRESSIVE;
				GCC_WARN_UNUSED_FUNCTION = YES;
				GCC_WARN_UNUSED_VARIABLE = YES;
				MTL_ENABLE_DEBUG_INFO = INCLUDE_SOURCE;
				MTL_FAST_MATH = YES;
				ONLY_ACTIVE_ARCH = YES;
				SWIFT_ACTIVE_COMPILATION_CONDITIONS = DEBUG;
				SWIFT_OPTIMIZATION_LEVEL = "-Onone";
				VERSIONING_SYSTEM = "apple-generic";
				VERSION_INFO_PREFIX = "";
			};
			name = Debug;
		};
		F0A19A2928C8972200C516B4 /* Release */ = {
			isa = XCBuildConfiguration;
			buildSettings = {
				ALWAYS_SEARCH_USER_PATHS = NO;
				CLANG_ANALYZER_NONNULL = YES;
				CLANG_ANALYZER_NUMBER_OBJECT_CONVERSION = YES_AGGRESSIVE;
				CLANG_CXX_LANGUAGE_STANDARD = "gnu++20";
				CLANG_ENABLE_MODULES = YES;
				CLANG_ENABLE_OBJC_ARC = YES;
				CLANG_ENABLE_OBJC_WEAK = YES;
				CLANG_WARN_BLOCK_CAPTURE_AUTORELEASING = YES;
				CLANG_WARN_BOOL_CONVERSION = YES;
				CLANG_WARN_COMMA = YES;
				CLANG_WARN_CONSTANT_CONVERSION = YES;
				CLANG_WARN_DEPRECATED_OBJC_IMPLEMENTATIONS = YES;
				CLANG_WARN_DIRECT_OBJC_ISA_USAGE = YES_ERROR;
				CLANG_WARN_DOCUMENTATION_COMMENTS = YES;
				CLANG_WARN_EMPTY_BODY = YES;
				CLANG_WARN_ENUM_CONVERSION = YES;
				CLANG_WARN_INFINITE_RECURSION = YES;
				CLANG_WARN_INT_CONVERSION = YES;
				CLANG_WARN_NON_LITERAL_NULL_CONVERSION = YES;
				CLANG_WARN_OBJC_IMPLICIT_RETAIN_SELF = YES;
				CLANG_WARN_OBJC_LITERAL_CONVERSION = YES;
				CLANG_WARN_OBJC_ROOT_CLASS = YES_ERROR;
				CLANG_WARN_QUOTED_INCLUDE_IN_FRAMEWORK_HEADER = YES;
				CLANG_WARN_RANGE_LOOP_ANALYSIS = YES;
				CLANG_WARN_STRICT_PROTOTYPES = YES;
				CLANG_WARN_SUSPICIOUS_MOVE = YES;
				CLANG_WARN_UNGUARDED_AVAILABILITY = YES_AGGRESSIVE;
				CLANG_WARN_UNREACHABLE_CODE = YES;
				CLANG_WARN__DUPLICATE_METHOD_MATCH = YES;
				COPY_PHASE_STRIP = NO;
				CURRENT_PROJECT_VERSION = 1;
				DEBUG_INFORMATION_FORMAT = "dwarf-with-dsym";
				ENABLE_NS_ASSERTIONS = NO;
				ENABLE_STRICT_OBJC_MSGSEND = YES;
				GCC_C_LANGUAGE_STANDARD = gnu11;
				GCC_NO_COMMON_BLOCKS = YES;
				GCC_WARN_64_TO_32_BIT_CONVERSION = YES;
				GCC_WARN_ABOUT_RETURN_TYPE = YES_ERROR;
				GCC_WARN_UNDECLARED_SELECTOR = YES;
				GCC_WARN_UNINITIALIZED_AUTOS = YES_AGGRESSIVE;
				GCC_WARN_UNUSED_FUNCTION = YES;
				GCC_WARN_UNUSED_VARIABLE = YES;
				MTL_ENABLE_DEBUG_INFO = NO;
				MTL_FAST_MATH = YES;
				SWIFT_COMPILATION_MODE = wholemodule;
				SWIFT_OPTIMIZATION_LEVEL = "-O";
				VERSIONING_SYSTEM = "apple-generic";
				VERSION_INFO_PREFIX = "";
			};
			name = Release;
		};
		F0A19A2B28C8972200C516B4 /* Debug */ = {
			isa = XCBuildConfiguration;
			buildSettings = {
				CODE_SIGN_STYLE = Automatic;
				CURRENT_PROJECT_VERSION = 1;
				DEFINES_MODULE = YES;
				DEVELOPMENT_TEAM = QK8F8FR6AB;
				DYLIB_COMPATIBILITY_VERSION = 1;
				DYLIB_CURRENT_VERSION = 1;
				DYLIB_INSTALL_NAME_BASE = "@rpath";
				GCC_PREPROCESSOR_DEFINITIONS = "$(inherited)";
				GENERATE_INFOPLIST_FILE = YES;
				INFOPLIST_KEY_NSHumanReadableCopyright = "";
				INSTALL_PATH = "$(LOCAL_LIBRARY_DIR)/Frameworks";
				IPHONEOS_DEPLOYMENT_TARGET = 16.0;
				LD_RUNPATH_SEARCH_PATHS = (
					"@executable_path/Frameworks",
					"@loader_path/Frameworks",
				);
				"LD_RUNPATH_SEARCH_PATHS[sdk=macosx*]" = (
					"@executable_path/../Frameworks",
					"@loader_path/Frameworks",
				);
				MACOSX_DEPLOYMENT_TARGET = 12.5;
				MARKETING_VERSION = 1.0;
				PRODUCT_BUNDLE_IDENTIFIER = com.wanaldino.PokedexAPI;
				PRODUCT_NAME = "$(TARGET_NAME:c99extidentifier)";
				SDKROOT = auto;
				SKIP_INSTALL = YES;
				SUPPORTED_PLATFORMS = "iphoneos iphonesimulator macosx";
				SWIFT_EMIT_LOC_STRINGS = YES;
				SWIFT_VERSION = 5.0;
				TARGETED_DEVICE_FAMILY = "1,2";
			};
			name = Debug;
		};
		F0A19A2C28C8972200C516B4 /* Release */ = {
			isa = XCBuildConfiguration;
			buildSettings = {
				CODE_SIGN_STYLE = Automatic;
				CURRENT_PROJECT_VERSION = 1;
				DEFINES_MODULE = YES;
				DEVELOPMENT_TEAM = QK8F8FR6AB;
				DYLIB_COMPATIBILITY_VERSION = 1;
				DYLIB_CURRENT_VERSION = 1;
				DYLIB_INSTALL_NAME_BASE = "@rpath";
				GENERATE_INFOPLIST_FILE = YES;
				INFOPLIST_KEY_NSHumanReadableCopyright = "";
				INSTALL_PATH = "$(LOCAL_LIBRARY_DIR)/Frameworks";
				IPHONEOS_DEPLOYMENT_TARGET = 16.0;
				LD_RUNPATH_SEARCH_PATHS = (
					"@executable_path/Frameworks",
					"@loader_path/Frameworks",
				);
				"LD_RUNPATH_SEARCH_PATHS[sdk=macosx*]" = (
					"@executable_path/../Frameworks",
					"@loader_path/Frameworks",
				);
				MACOSX_DEPLOYMENT_TARGET = 12.5;
				MARKETING_VERSION = 1.0;
				PRODUCT_BUNDLE_IDENTIFIER = com.wanaldino.PokedexAPI;
				PRODUCT_NAME = "$(TARGET_NAME:c99extidentifier)";
				SDKROOT = auto;
				SKIP_INSTALL = YES;
				SUPPORTED_PLATFORMS = "iphoneos iphonesimulator macosx";
				SWIFT_EMIT_LOC_STRINGS = YES;
				SWIFT_VERSION = 5.0;
				TARGETED_DEVICE_FAMILY = "1,2";
			};
			name = Release;
		};
/* End XCBuildConfiguration section */

/* Begin XCConfigurationList section */
		F071E15528C9F46700E27A74 /* Build configuration list for PBXNativeTarget "PokedexAPI_DEV" */ = {
			isa = XCConfigurationList;
			buildConfigurations = (
				F071E15628C9F46700E27A74 /* Debug */,
				F071E15728C9F46700E27A74 /* Release */,
			);
			defaultConfigurationIsVisible = 0;
			defaultConfigurationName = Release;
		};
		F0A19A1B28C8972200C516B4 /* Build configuration list for PBXProject "PokedexAPI" */ = {
			isa = XCConfigurationList;
			buildConfigurations = (
				F0A19A2828C8972200C516B4 /* Debug */,
				F0A19A2928C8972200C516B4 /* Release */,
			);
			defaultConfigurationIsVisible = 0;
			defaultConfigurationName = Release;
		};
		F0A19A2A28C8972200C516B4 /* Build configuration list for PBXNativeTarget "PokedexAPI" */ = {
			isa = XCConfigurationList;
			buildConfigurations = (
				F0A19A2B28C8972200C516B4 /* Debug */,
				F0A19A2C28C8972200C516B4 /* Release */,
			);
			defaultConfigurationIsVisible = 0;
			defaultConfigurationName = Release;
		};
/* End XCConfigurationList section */

/* Begin XCRemoteSwiftPackageReference section */
		F0A19A4128C8998B00C516B4 /* XCRemoteSwiftPackageReference "Alamofire" */ = {
			isa = XCRemoteSwiftPackageReference;
			repositoryURL = "https://github.com/Alamofire/Alamofire";
			requirement = {
				branch = master;
				kind = branch;
			};
		};
/* End XCRemoteSwiftPackageReference section */

/* Begin XCSwiftPackageProductDependency section */
		F0A19A4228C8998B00C516B4 /* Alamofire */ = {
			isa = XCSwiftPackageProductDependency;
			package = F0A19A4128C8998B00C516B4 /* XCRemoteSwiftPackageReference "Alamofire" */;
			productName = Alamofire;
		};
/* End XCSwiftPackageProductDependency section */
	};
	rootObject = F0A19A1828C8972200C516B4 /* Project object */;
}
